
Microsoft Visual Studio Solution File, Format Version 12.00
# Visual Studio Version 17
VisualStudioVersion = 17.13.35825.156
MinimumVisualStudioVersion = 10.0.40219.1
Project("{FAE04EC0-301F-11D3-BF4B-00C04F79EFBC}") = "StockApp", "StockApp\StockApp.csproj", "{961E40B0-C76F-457F-9DBA-CA0E2049E967}"
EndProject
Global
	GlobalSection(SolutionConfigurationPlatforms) = preSolution
		Debug|Any CPU = Debug|Any CPU
		Release|Any CPU = Release|Any CPU
	EndGlobalSection
	GlobalSection(ProjectConfigurationPlatforms) = postSolution
		{961E40B0-C76F-457F-9DBA-CA0E2049E967}.Debug|Any CPU.ActiveCfg = Debug|Any CPU
		{961E40B0-C76F-457F-9DBA-CA0E2049E967}.Debug|Any CPU.Build.0 = Debug|Any CPU
		{961E40B0-C76F-457F-9DBA-CA0E2049E967}.Release|Any CPU.ActiveCfg = Release|Any CPU
		{961E40B0-C76F-457F-9DBA-CA0E2049E967}.Release|Any CPU.Build.0 = Release|Any CPU
	EndGlobalSection
	GlobalSection(SolutionProperties) = preSolution
		HideSolutionNode = FALSE
	EndGlobalSection
	GlobalSection(ExtensibilityGlobals) = postSolution
		SolutionGuid = {55F8E230-72A7-4AB5-891A-C5FD90827CBD}
	EndGlobalSection
EndGlobal
